// !$*UTF8*$!
{
	archiveVersion = 1;
	classes = {
	};
	objectVersion = 50;
	objects = {

/* Begin PBXBuildFile section */
		42230E62251402E60092BE05 /* AppDelegate.swift in Sources */ = {isa = PBXBuildFile; fileRef = 42230E61251402E60092BE05 /* AppDelegate.swift */; };
		42230E64251402E60092BE05 /* SceneDelegate.swift in Sources */ = {isa = PBXBuildFile; fileRef = 42230E63251402E60092BE05 /* SceneDelegate.swift */; };
		42230E66251402E60092BE05 /* ViewController.swift in Sources */ = {isa = PBXBuildFile; fileRef = 42230E65251402E60092BE05 /* ViewController.swift */; };
		42230E69251402E60092BE05 /* Main.storyboard in Resources */ = {isa = PBXBuildFile; fileRef = 42230E67251402E60092BE05 /* Main.storyboard */; };
		42230E6B251402E70092BE05 /* Assets.xcassets in Resources */ = {isa = PBXBuildFile; fileRef = 42230E6A251402E70092BE05 /* Assets.xcassets */; };
		42230E6E251402E70092BE05 /* LaunchScreen.storyboard in Resources */ = {isa = PBXBuildFile; fileRef = 42230E6C251402E70092BE05 /* LaunchScreen.storyboard */; };
		42230E79251402E70092BE05 /* tipTests.swift in Sources */ = {isa = PBXBuildFile; fileRef = 42230E78251402E70092BE05 /* tipTests.swift */; };
		42230E84251402E70092BE05 /* tipUITests.swift in Sources */ = {isa = PBXBuildFile; fileRef = 42230E83251402E70092BE05 /* tipUITests.swift */; };
/* End PBXBuildFile section */

/* Begin PBXContainerItemProxy section */
		42230E75251402E70092BE05 /* PBXContainerItemProxy */ = {
			isa = PBXContainerItemProxy;
			containerPortal = 42230E56251402E60092BE05 /* Project object */;
			proxyType = 1;
			remoteGlobalIDString = 42230E5D251402E60092BE05;
			remoteInfo = tip;
		};
		42230E80251402E70092BE05 /* PBXContainerItemProxy */ = {
			isa = PBXContainerItemProxy;
			containerPortal = 42230E56251402E60092BE05 /* Project object */;
			proxyType = 1;
			remoteGlobalIDString = 42230E5D251402E60092BE05;
			remoteInfo = tip;
		};
/* End PBXContainerItemProxy section */

/* Begin PBXFileReference section */
		42230E5E251402E60092BE05 /* tip.app */ = {isa = PBXFileReference; explicitFileType = wrapper.application; includeInIndex = 0; path = tip.app; sourceTree = BUILT_PRODUCTS_DIR; };
		42230E61251402E60092BE05 /* AppDelegate.swift */ = {isa = PBXFileReference; lastKnownFileType = sourcecode.swift; path = AppDelegate.swift; sourceTree = "<group>"; };
		42230E63251402E60092BE05 /* SceneDelegate.swift */ = {isa = PBXFileReference; lastKnownFileType = sourcecode.swift; path = SceneDelegate.swift; sourceTree = "<group>"; };
		42230E65251402E60092BE05 /* ViewController.swift */ = {isa = PBXFileReference; lastKnownFileType = sourcecode.swift; path = ViewController.swift; sourceTree = "<group>"; };
		42230E68251402E60092BE05 /* Base */ = {isa = PBXFileReference; lastKnownFileType = file.storyboard; name = Base; path = Base.lproj/Main.storyboard; sourceTree = "<group>"; };
		42230E6A251402E70092BE05 /* Assets.xcassets */ = {isa = PBXFileReference; lastKnownFileType = folder.assetcatalog; path = Assets.xcassets; sourceTree = "<group>"; };
		42230E6D251402E70092BE05 /* Base */ = {isa = PBXFileReference; lastKnownFileType = file.storyboard; name = Base; path = Base.lproj/LaunchScreen.storyboard; sourceTree = "<group>"; };
		42230E6F251402E70092BE05 /* Info.plist */ = {isa = PBXFileReference; lastKnownFileType = text.plist.xml; path = Info.plist; sourceTree = "<group>"; };
		42230E74251402E70092BE05 /* tipTests.xctest */ = {isa = PBXFileReference; explicitFileType = wrapper.cfbundle; includeInIndex = 0; path = tipTests.xctest; sourceTree = BUILT_PRODUCTS_DIR; };
		42230E78251402E70092BE05 /* tipTests.swift */ = {isa = PBXFileReference; lastKnownFileType = sourcecode.swift; path = tipTests.swift; sourceTree = "<group>"; };
		42230E7A251402E70092BE05 /* Info.plist */ = {isa = PBXFileReference; lastKnownFileType = text.plist.xml; path = Info.plist; sourceTree = "<group>"; };
		42230E7F251402E70092BE05 /* tipUITests.xctest */ = {isa = PBXFileReference; explicitFileType = wrapper.cfbundle; includeInIndex = 0; path = tipUITests.xctest; sourceTree = BUILT_PRODUCTS_DIR; };
		42230E83251402E70092BE05 /* tipUITests.swift */ = {isa = PBXFileReference; lastKnownFileType = sourcecode.swift; path = tipUITests.swift; sourceTree = "<group>"; };
		42230E85251402E70092BE05 /* Info.plist */ = {isa = PBXFileReference; lastKnownFileType = text.plist.xml; path = Info.plist; sourceTree = "<group>"; };
/* End PBXFileReference section */

/* Begin PBXFrameworksBuildPhase section */
		42230E5B251402E60092BE05 /* Frameworks */ = {
			isa = PBXFrameworksBuildPhase;
			buildActionMask = 2147483647;
			files = (
			);
			runOnlyForDeploymentPostprocessing = 0;
		};
		42230E71251402E70092BE05 /* Frameworks */ = {
			isa = PBXFrameworksBuildPhase;
			buildActionMask = 2147483647;
			files = (
			);
			runOnlyForDeploymentPostprocessing = 0;
		};
		42230E7C251402E70092BE05 /* Frameworks */ = {
			isa = PBXFrameworksBuildPhase;
			buildActionMask = 2147483647;
			files = (
			);
			runOnlyForDeploymentPostprocessing = 0;
		};
/* End PBXFrameworksBuildPhase section */

/* Begin PBXGroup section */
		42230E55251402E60092BE05 = {
			isa = PBXGroup;
			children = (
				42230E60251402E60092BE05 /* tip */,
				42230E77251402E70092BE05 /* tipTests */,
				42230E82251402E70092BE05 /* tipUITests */,
				42230E5F251402E60092BE05 /* Products */,
			);
			sourceTree = "<group>";
		};
		42230E5F251402E60092BE05 /* Products */ = {
			isa = PBXGroup;
			children = (
				42230E5E251402E60092BE05 /* tip.app */,
				42230E74251402E70092BE05 /* tipTests.xctest */,
				42230E7F251402E70092BE05 /* tipUITests.xctest */,
			);
			name = Products;
			sourceTree = "<group>";
		};
		42230E60251402E60092BE05 /* tip */ = {
			isa = PBXGroup;
			children = (
				42230E61251402E60092BE05 /* AppDelegate.swift */,
				42230E63251402E60092BE05 /* SceneDelegate.swift */,
				42230E65251402E60092BE05 /* ViewController.swift */,
				42230E67251402E60092BE05 /* Main.storyboard */,
				42230E6A251402E70092BE05 /* Assets.xcassets */,
				42230E6C251402E70092BE05 /* LaunchScreen.storyboard */,
				42230E6F251402E70092BE05 /* Info.plist */,
			);
			path = tip;
			sourceTree = "<group>";
		};
		42230E77251402E70092BE05 /* tipTests */ = {
			isa = PBXGroup;
			children = (
				42230E78251402E70092BE05 /* tipTests.swift */,
				42230E7A251402E70092BE05 /* Info.plist */,
			);
			path = tipTests;
			sourceTree = "<group>";
		};
		42230E82251402E70092BE05 /* tipUITests */ = {
			isa = PBXGroup;
			children = (
				42230E83251402E70092BE05 /* tipUITests.swift */,
				42230E85251402E70092BE05 /* Info.plist */,
			);
			path = tipUITests;
			sourceTree = "<group>";
		};
/* End PBXGroup section */

/* Begin PBXNativeTarget section */
		42230E5D251402E60092BE05 /* tip */ = {
			isa = PBXNativeTarget;
			buildConfigurationList = 42230E88251402E70092BE05 /* Build configuration list for PBXNativeTarget "tip" */;
			buildPhases = (
				42230E5A251402E60092BE05 /* Sources */,
				42230E5B251402E60092BE05 /* Frameworks */,
				42230E5C251402E60092BE05 /* Resources */,
			);
			buildRules = (
			);
			dependencies = (
			);
			name = tip;
			productName = tip;
			productReference = 42230E5E251402E60092BE05 /* tip.app */;
			productType = "com.apple.product-type.application";
		};
		42230E73251402E70092BE05 /* tipTests */ = {
			isa = PBXNativeTarget;
			buildConfigurationList = 42230E8B251402E70092BE05 /* Build configuration list for PBXNativeTarget "tipTests" */;
			buildPhases = (
				42230E70251402E70092BE05 /* Sources */,
				42230E71251402E70092BE05 /* Frameworks */,
				42230E72251402E70092BE05 /* Resources */,
			);
			buildRules = (
			);
			dependencies = (
				42230E76251402E70092BE05 /* PBXTargetDependency */,
			);
			name = tipTests;
			productName = tipTests;
			productReference = 42230E74251402E70092BE05 /* tipTests.xctest */;
			productType = "com.apple.product-type.bundle.unit-test";
		};
		42230E7E251402E70092BE05 /* tipUITests */ = {
			isa = PBXNativeTarget;
			buildConfigurationList = 42230E8E251402E70092BE05 /* Build configuration list for PBXNativeTarget "tipUITests" */;
			buildPhases = (
				42230E7B251402E70092BE05 /* Sources */,
				42230E7C251402E70092BE05 /* Frameworks */,
				42230E7D251402E70092BE05 /* Resources */,
			);
			buildRules = (
			);
			dependencies = (
				42230E81251402E70092BE05 /* PBXTargetDependency */,
			);
			name = tipUITests;
			productName = tipUITests;
			productReference = 42230E7F251402E70092BE05 /* tipUITests.xctest */;
			productType = "com.apple.product-type.bundle.ui-testing";
		};
/* End PBXNativeTarget section */

/* Begin PBXProject section */
		42230E56251402E60092BE05 /* Project object */ = {
			isa = PBXProject;
			attributes = {
				LastSwiftUpdateCheck = 1170;
				LastUpgradeCheck = 1170;
				ORGANIZATIONNAME = Codepath;
				TargetAttributes = {
					42230E5D251402E60092BE05 = {
						CreatedOnToolsVersion = 11.7;
					};
					42230E73251402E70092BE05 = {
						CreatedOnToolsVersion = 11.7;
						TestTargetID = 42230E5D251402E60092BE05;
					};
					42230E7E251402E70092BE05 = {
						CreatedOnToolsVersion = 11.7;
						TestTargetID = 42230E5D251402E60092BE05;
					};
				};
			};
			buildConfigurationList = 42230E59251402E60092BE05 /* Build configuration list for PBXProject "tip" */;
			compatibilityVersion = "Xcode 9.3";
			developmentRegion = en;
			hasScannedForEncodings = 0;
			knownRegions = (
				en,
				Base,
			);
			mainGroup = 42230E55251402E60092BE05;
			productRefGroup = 42230E5F251402E60092BE05 /* Products */;
			projectDirPath = "";
			projectRoot = "";
			targets = (
				42230E5D251402E60092BE05 /* tip */,
				42230E73251402E70092BE05 /* tipTests */,
				42230E7E251402E70092BE05 /* tipUITests */,
			);
		};
/* End PBXProject section */

/* Begin PBXResourcesBuildPhase section */
		42230E5C251402E60092BE05 /* Resources */ = {
			isa = PBXResourcesBuildPhase;
			buildActionMask = 2147483647;
			files = (
				42230E6E251402E70092BE05 /* LaunchScreen.storyboard in Resources */,
				42230E6B251402E70092BE05 /* Assets.xcassets in Resources */,
				42230E69251402E60092BE05 /* Main.storyboard in Resources */,
			);
			runOnlyForDeploymentPostprocessing = 0;
		};
		42230E72251402E70092BE05 /* Resources */ = {
			isa = PBXResourcesBuildPhase;
			buildActionMask = 2147483647;
			files = (
			);
			runOnlyForDeploymentPostprocessing = 0;
		};
		42230E7D251402E70092BE05 /* Resources */ = {
			isa = PBXResourcesBuildPhase;
			buildActionMask = 2147483647;
			files = (
			);
			runOnlyForDeploymentPostprocessing = 0;
		};
/* End PBXResourcesBuildPhase section */

/* Begin PBXSourcesBuildPhase section */
		42230E5A251402E60092BE05 /* Sources */ = {
			isa = PBXSourcesBuildPhase;
			buildActionMask = 2147483647;
			files = (
				42230E66251402E60092BE05 /* ViewController.swift in Sources */,
				42230E62251402E60092BE05 /* AppDelegate.swift in Sources */,
				42230E64251402E60092BE05 /* SceneDelegate.swift in Sources */,
			);
			runOnlyForDeploymentPostprocessing = 0;
		};
		42230E70251402E70092BE05 /* Sources */ = {
			isa = PBXSourcesBuildPhase;
			buildActionMask = 2147483647;
			files = (
				42230E79251402E70092BE05 /* tipTests.swift in Sources */,
			);
			runOnlyForDeploymentPostprocessing = 0;
		};
		42230E7B251402E70092BE05 /* Sources */ = {
			isa = PBXSourcesBuildPhase;
			buildActionMask = 2147483647;
			files = (
				42230E84251402E70092BE05 /* tipUITests.swift in Sources */,
			);
			runOnlyForDeploymentPostprocessing = 0;
		};
/* End PBXSourcesBuildPhase section */

/* Begin PBXTargetDependency section */
		42230E76251402E70092BE05 /* PBXTargetDependency */ = {
			isa = PBXTargetDependency;
			target = 42230E5D251402E60092BE05 /* tip */;
			targetProxy = 42230E75251402E70092BE05 /* PBXContainerItemProxy */;
		};
		42230E81251402E70092BE05 /* PBXTargetDependency */ = {
			isa = PBXTargetDependency;
			target = 42230E5D251402E60092BE05 /* tip */;
			targetProxy = 42230E80251402E70092BE05 /* PBXContainerItemProxy */;
		};
/* End PBXTargetDependency section */

/* Begin PBXVariantGroup section */
		42230E67251402E60092BE05 /* Main.storyboard */ = {
			isa = PBXVariantGroup;
			children = (
				42230E68251402E60092BE05 /* Base */,
			);
			name = Main.storyboard;
			sourceTree = "<group>";
		};
		42230E6C251402E70092BE05 /* LaunchScreen.storyboard */ = {
			isa = PBXVariantGroup;
			children = (
				42230E6D251402E70092BE05 /* Base */,
			);
			name = LaunchScreen.storyboard;
			sourceTree = "<group>";
		};
/* End PBXVariantGroup section */

/* Begin XCBuildConfiguration section */
		42230E86251402E70092BE05 /* Debug */ = {
			isa = XCBuildConfiguration;
			buildSettings = {
				ALWAYS_SEARCH_USER_PATHS = NO;
				CLANG_ANALYZER_NONNULL = YES;
				CLANG_ANALYZER_NUMBER_OBJECT_CONVERSION = YES_AGGRESSIVE;
				CLANG_CXX_LANGUAGE_STANDARD = "gnu++14";
				CLANG_CXX_LIBRARY = "libc++";
				CLANG_ENABLE_MODULES = YES;
				CLANG_ENABLE_OBJC_ARC = YES;
				CLANG_ENABLE_OBJC_WEAK = YES;
				CLANG_WARN_BLOCK_CAPTURE_AUTORELEASING = YES;
				CLANG_WARN_BOOL_CONVERSION = YES;
				CLANG_WARN_COMMA = YES;
				CLANG_WARN_CONSTANT_CONVERSION = YES;
				CLANG_WARN_DEPRECATED_OBJC_IMPLEMENTATIONS = YES;
				CLANG_WARN_DIRECT_OBJC_ISA_USAGE = YES_ERROR;
				CLANG_WARN_DOCUMENTATION_COMMENTS = YES;
				CLANG_WARN_EMPTY_BODY = YES;
				CLANG_WARN_ENUM_CONVERSION = YES;
				CLANG_WARN_INFINITE_RECURSION = YES;
				CLANG_WARN_INT_CONVERSION = YES;
				CLANG_WARN_NON_LITERAL_NULL_CONVERSION = YES;
				CLANG_WARN_OBJC_IMPLICIT_RETAIN_SELF = YES;
				CLANG_WARN_OBJC_LITERAL_CONVERSION = YES;
				CLANG_WARN_OBJC_ROOT_CLASS = YES_ERROR;
				CLANG_WARN_RANGE_LOOP_ANALYSIS = YES;
				CLANG_WARN_STRICT_PROTOTYPES = YES;
				CLANG_WARN_SUSPICIOUS_MOVE = YES;
				CLANG_WARN_UNGUARDED_AVAILABILITY = YES_AGGRESSIVE;
				CLANG_WARN_UNREACHABLE_CODE = YES;
				CLANG_WARN__DUPLICATE_METHOD_MATCH = YES;
				COPY_PHASE_STRIP = NO;
				DEBUG_INFORMATION_FORMAT = dwarf;
				ENABLE_STRICT_OBJC_MSGSEND = YES;
				ENABLE_TESTABILITY = YES;
				GCC_C_LANGUAGE_STANDARD = gnu11;
				GCC_DYNAMIC_NO_PIC = NO;
				GCC_NO_COMMON_BLOCKS = YES;
				GCC_OPTIMIZATION_LEVEL = 0;
				GCC_PREPROCESSOR_DEFINITIONS = (
					"DEBUG=1",
					"$(inherited)",
				);
				GCC_WARN_64_TO_32_BIT_CONVERSION = YES;
				GCC_WARN_ABOUT_RETURN_TYPE = YES_ERROR;
				GCC_WARN_UNDECLARED_SELECTOR = YES;
				GCC_WARN_UNINITIALIZED_AUTOS = YES_AGGRESSIVE;
				GCC_WARN_UNUSED_FUNCTION = YES;
				GCC_WARN_UNUSED_VARIABLE = YES;
				IPHONEOS_DEPLOYMENT_TARGET = 13.7;
				MTL_ENABLE_DEBUG_INFO = INCLUDE_SOURCE;
				MTL_FAST_MATH = YES;
				ONLY_ACTIVE_ARCH = YES;
				SDKROOT = iphoneos;
				SWIFT_ACTIVE_COMPILATION_CONDITIONS = DEBUG;
				SWIFT_OPTIMIZATION_LEVEL = "-Onone";
			};
			name = Debug;
		};
		42230E87251402E70092BE05 /* Release */ = {
			isa = XCBuildConfiguration;
			buildSettings = {
				ALWAYS_SEARCH_USER_PATHS = NO;
				CLANG_ANALYZER_NONNULL = YES;
				CLANG_ANALYZER_NUMBER_OBJECT_CONVERSION = YES_AGGRESSIVE;
				CLANG_CXX_LANGUAGE_STANDARD = "gnu++14";
				CLANG_CXX_LIBRARY = "libc++";
				CLANG_ENABLE_MODULES = YES;
				CLANG_ENABLE_OBJC_ARC = YES;
				CLANG_ENABLE_OBJC_WEAK = YES;
				CLANG_WARN_BLOCK_CAPTURE_AUTORELEASING = YES;
				CLANG_WARN_BOOL_CONVERSION = YES;
				CLANG_WARN_COMMA = YES;
				CLANG_WARN_CONSTANT_CONVERSION = YES;
				CLANG_WARN_DEPRECATED_OBJC_IMPLEMENTATIONS = YES;
				CLANG_WARN_DIRECT_OBJC_ISA_USAGE = YES_ERROR;
				CLANG_WARN_DOCUMENTATION_COMMENTS = YES;
				CLANG_WARN_EMPTY_BODY = YES;
				CLANG_WARN_ENUM_CONVERSION = YES;
				CLANG_WARN_INFINITE_RECURSION = YES;
				CLANG_WARN_INT_CONVERSION = YES;
				CLANG_WARN_NON_LITERAL_NULL_CONVERSION = YES;
				CLANG_WARN_OBJC_IMPLICIT_RETAIN_SELF = YES;
				CLANG_WARN_OBJC_LITERAL_CONVERSION = YES;
				CLANG_WARN_OBJC_ROOT_CLASS = YES_ERROR;
				CLANG_WARN_RANGE_LOOP_ANALYSIS = YES;
				CLANG_WARN_STRICT_PROTOTYPES = YES;
				CLANG_WARN_SUSPICIOUS_MOVE = YES;
				CLANG_WARN_UNGUARDED_AVAILABILITY = YES_AGGRESSIVE;
				CLANG_WARN_UNREACHABLE_CODE = YES;
				CLANG_WARN__DUPLICATE_METHOD_MATCH = YES;
				COPY_PHASE_STRIP = NO;
				DEBUG_INFORMATION_FORMAT = "dwarf-with-dsym";
				ENABLE_NS_ASSERTIONS = NO;
				ENABLE_STRICT_OBJC_MSGSEND = YES;
				GCC_C_LANGUAGE_STANDARD = gnu11;
				GCC_NO_COMMON_BLOCKS = YES;
				GCC_WARN_64_TO_32_BIT_CONVERSION = YES;
				GCC_WARN_ABOUT_RETURN_TYPE = YES_ERROR;
				GCC_WARN_UNDECLARED_SELECTOR = YES;
				GCC_WARN_UNINITIALIZED_AUTOS = YES_AGGRESSIVE;
				GCC_WARN_UNUSED_FUNCTION = YES;
				GCC_WARN_UNUSED_VARIABLE = YES;
				IPHONEOS_DEPLOYMENT_TARGET = 13.7;
				MTL_ENABLE_DEBUG_INFO = NO;
				MTL_FAST_MATH = YES;
				SDKROOT = iphoneos;
				SWIFT_COMPILATION_MODE = wholemodule;
				SWIFT_OPTIMIZATION_LEVEL = "-O";
				VALIDATE_PRODUCT = YES;
			};
			name = Release;
		};
		42230E89251402E70092BE05 /* Debug */ = {
			isa = XCBuildConfiguration;
			buildSettings = {
				ASSETCATALOG_COMPILER_APPICON_NAME = AppIcon;
				CODE_SIGN_STYLE = Automatic;
				INFOPLIST_FILE = tip/Info.plist;
				LD_RUNPATH_SEARCH_PATHS = (
					"$(inherited)",
					"@executable_path/Frameworks",
				);
				PRODUCT_BUNDLE_IDENTIFIER = Codepath.tip;
				PRODUCT_NAME = "$(TARGET_NAME)";
				SWIFT_VERSION = 5.0;
				TARGETED_DEVICE_FAMILY = "1,2";
			};
			name = Debug;
		};
		42230E8A251402E70092BE05 /* Release */ = {
			isa = XCBuildConfiguration;
			buildSettings = {
				ASSETCATALOG_COMPILER_APPICON_NAME = AppIcon;
				CODE_SIGN_STYLE = Automatic;
				INFOPLIST_FILE = tip/Info.plist;
				LD_RUNPATH_SEARCH_PATHS = (
					"$(inherited)",
					"@executable_path/Frameworks",
				);
				PRODUCT_BUNDLE_IDENTIFIER = Codepath.tip;
				PRODUCT_NAME = "$(TARGET_NAME)";
				SWIFT_VERSION = 5.0;
				TARGETED_DEVICE_FAMILY = "1,2";
			};
			name = Release;
		};
		42230E8C251402E70092BE05 /* Debug */ = {
			isa = XCBuildConfiguration;
			buildSettings = {
				ALWAYS_EMBED_SWIFT_STANDARD_LIBRARIES = YES;
				BUNDLE_LOADER = "$(TEST_HOST)";
				CODE_SIGN_STYLE = Automatic;
				INFOPLIST_FILE = tipTests/Info.plist;
				IPHONEOS_DEPLOYMENT_TARGET = 13.7;
				LD_RUNPATH_SEARCH_PATHS = (
					"$(inherited)",
					"@executable_path/Frameworks",
					"@loader_path/Frameworks",
				);
				PRODUCT_BUNDLE_IDENTIFIER = Codepath.tipTests;
				PRODUCT_NAME = "$(TARGET_NAME)";
				SWIFT_VERSION = 5.0;
				TARGETED_DEVICE_FAMILY = "1,2";
				TEST_HOST = "$(BUILT_PRODUCTS_DIR)/tip.app/tip";
			};
			name = Debug;
		};
		42230E8D251402E70092BE05 /* Release */ = {
			isa = XCBuildConfiguration;
			buildSettings = {
				ALWAYS_EMBED_SWIFT_STANDARD_LIBRARIES = YES;
				BUNDLE_LOADER = "$(TEST_HOST)";
				CODE_SIGN_STYLE = Automatic;
				INFOPLIST_FILE = tipTests/Info.plist;
				IPHONEOS_DEPLOYMENT_TARGET = 13.7;
				LD_RUNPATH_SEARCH_PATHS = (
					"$(inherited)",
					"@executable_path/Frameworks",
					"@loader_path/Frameworks",
				);
				PRODUCT_BUNDLE_IDENTIFIER = Codepath.tipTests;
				PRODUCT_NAME = "$(TARGET_NAME)";
				SWIFT_VERSION = 5.0;
				TARGETED_DEVICE_FAMILY = "1,2";
				TEST_HOST = "$(BUILT_PRODUCTS_DIR)/tip.app/tip";
			};
			name = Release;
		};
		42230E8F251402E70092BE05 /* Debug */ = {
			isa = XCBuildConfiguration;
			buildSettings = {
				ALWAYS_EMBED_SWIFT_STANDARD_LIBRARIES = YES;
				CODE_SIGN_STYLE = Automatic;
				INFOPLIST_FILE = tipUITests/Info.plist;
				LD_RUNPATH_SEARCH_PATHS = (
					"$(inherited)",
					"@executable_path/Frameworks",
					"@loader_path/Frameworks",
				);
				PRODUCT_BUNDLE_IDENTIFIER = Codepath.tipUITests;
				PRODUCT_NAME = "$(TARGET_NAME)";
				SWIFT_VERSION = 5.0;
				TARGETED_DEVICE_FAMILY = "1,2";
				TEST_TARGET_NAME = tip;
			};
			name = Debug;
		};
		42230E90251402E70092BE05 /* Release */ = {
			isa = XCBuildConfiguration;
			buildSettings = {
				ALWAYS_EMBED_SWIFT_STANDARD_LIBRARIES = YES;
				CODE_SIGN_STYLE = Automatic;
				INFOPLIST_FILE = tipUITests/Info.plist;
				LD_RUNPATH_SEARCH_PATHS = (
					"$(inherited)",
					"@executable_path/Frameworks",
					"@loader_path/Frameworks",
				);
				PRODUCT_BUNDLE_IDENTIFIER = Codepath.tipUITests;
				PRODUCT_NAME = "$(TARGET_NAME)";
				SWIFT_VERSION = 5.0;
				TARGETED_DEVICE_FAMILY = "1,2";
				TEST_TARGET_NAME = tip;
			};
			name = Release;
		};
/* End XCBuildConfiguration section */

/* Begin XCConfigurationList section */
		42230E59251402E60092BE05 /* Build configuration list for PBXProject "tip" */ = {
			isa = XCConfigurationList;
			buildConfigurations = (
				42230E86251402E70092BE05 /* Debug */,
				42230E87251402E70092BE05 /* Release */,
			);
			defaultConfigurationIsVisible = 0;
			defaultConfigurationName = Release;
		};
		42230E88251402E70092BE05 /* Build configuration list for PBXNativeTarget "tip" */ = {
			isa = XCConfigurationList;
			buildConfigurations = (
				42230E89251402E70092BE05 /* Debug */,
				42230E8A251402E70092BE05 /* Release */,
			);
			defaultConfigurationIsVisible = 0;
			defaultConfigurationName = Release;
		};
		42230E8B251402E70092BE05 /* Build configuration list for PBXNativeTarget "tipTests" */ = {
			isa = XCConfigurationList;
			buildConfigurations = (
				42230E8C251402E70092BE05 /* Debug */,
				42230E8D251402E70092BE05 /* Release */,
			);
			defaultConfigurationIsVisible = 0;
			defaultConfigurationName = Release;
		};
		42230E8E251402E70092BE05 /* Build configuration list for PBXNativeTarget "tipUITests" */ = {
			isa = XCConfigurationList;
			buildConfigurations = (
				42230E8F251402E70092BE05 /* Debug */,
				42230E90251402E70092BE05 /* Release */,
			);
			defaultConfigurationIsVisible = 0;
			defaultConfigurationName = Release;
		};
/* End XCConfigurationList section */
	};
	rootObject = 42230E56251402E60092BE05 /* Project object */;
}
